<?xml version="1.0" encoding="utf-8"?>
<Project ToolsVersion="4.0" xmlns="http://schemas.microsoft.com/developer/msbuild/2003">
  <ItemGroup>
    <Filter Include="Source Files">
      <UniqueIdentifier>{4FC737F1-C7A5-4376-A066-2A32D752A2FF}</UniqueIdentifier>
      <Extensions>cpp;c;cc;cxx;c++;cppm;ixx;def;odl;idl;hpj;bat;asm;asmx</Extensions>
    </Filter>
    <Filter Include="Resource Files">
      <UniqueIdentifier>{67DA6AB6-F800-4c08-8B7A-83BB121AAD01}</UniqueIdentifier>
      <Extensions>rc;ico;cur;bmp;dlg;rc2;rct;bin;rgs;gif;jpg;jpeg;jpe;resx;tiff;tif;png;wav;mfcribbon-ms</Extensions>
    </Filter>
    <Filter Include="Source Files\Runtime">
      <UniqueIdentifier>{06e042cd-0950-4df6-8081-0edbd2fa474e}</UniqueIdentifier>
    </Filter>
    <Filter Include="Source Files\Editor">
      <UniqueIdentifier>{b75a2fbe-27fb-463c-b144-9cdc53464785}</UniqueIdentifier>
    </Filter>
    <Filter Include="Source Files\Runtime\Core">
      <UniqueIdentifier>{f0982516-7229-4ee1-a5c9-78204c0f176a}</UniqueIdentifier>
    </Filter>
    <Filter Include="Source Files\Runtime\Core\Meta">
      <UniqueIdentifier>{00c3e154-35f2-4732-ae9b-65facaa78bc4}</UniqueIdentifier>
    </Filter>
    <Filter Include="Source Files\Runtime\Core\Meta\Reflection">
      <UniqueIdentifier>{69aa0f1f-c67d-4004-9d99-f89979be1db6}</UniqueIdentifier>
    </Filter>
    <Filter Include="Source Files\Runtime\Function">
      <UniqueIdentifier>{b11a5f05-0e76-4cf4-ba74-16d39bac1f34}</UniqueIdentifier>
    </Filter>
    <Filter Include="Source Files\Runtime\Function\UI">
      <UniqueIdentifier>{ec329986-f6c2-4083-94c2-4f7dcf9e3cec}</UniqueIdentifier>
    </Filter>
    <Filter Include="3rdParty">
      <UniqueIdentifier>{d832a7d7-74b6-4813-9558-75c2f296ebe0}</UniqueIdentifier>
    </Filter>
    <Filter Include="3rdParty\imgui">
      <UniqueIdentifier>{91d6b652-2872-43e4-a3e5-9d09b3ebdf3c}</UniqueIdentifier>
    </Filter>
    <Filter Include="Source Files\Runtime\Function\Render">
      <UniqueIdentifier>{8cd495e5-7093-4f26-a8ff-6af4341cedc0}</UniqueIdentifier>
    </Filter>
    <Filter Include="3rdParty\glfw">
      <UniqueIdentifier>{330ff906-4d72-4c82-bba1-dc3e63321250}</UniqueIdentifier>
    </Filter>
    <Filter Include="Source Files\Runtime\Function\Global">
      <UniqueIdentifier>{285e89bb-dc71-4ab0-9000-bb046bbeea4f}</UniqueIdentifier>
    </Filter>
    <Filter Include="Source Files\Runtime\Core\Base">
      <UniqueIdentifier>{2c34efd3-6697-4af7-8e7a-252a87e6364a}</UniqueIdentifier>
    </Filter>
    <Filter Include="Source Files\Runtime\Core\Log">
      <UniqueIdentifier>{e0c434b2-f190-44a6-891c-ac2bc3610651}</UniqueIdentifier>
    </Filter>
  </ItemGroup>
  <ItemGroup>
    <ClCompile Include="Source\Runtime\Core\Meta\Reflection\Reflection.cpp">
      <Filter>Source Files\Runtime\Core\Meta\Reflection</Filter>
    </ClCompile>
    <ClCompile Include="Source\Editor\Main.cpp">
      <Filter>Source Files\Editor</Filter>
    </ClCompile>
    <ClCompile Include="Source\Editor\Editor.cpp">
      <Filter>Source Files\Editor</Filter>
    </ClCompile>
    <ClCompile Include="Source\Editor\EditorUI.cpp">
      <Filter>Source Files\Editor</Filter>
    </ClCompile>
    <ClCompile Include="Source\Runtime\Function\UI\WindowUI.cpp">
      <Filter>Source Files\Runtime\Function\UI</Filter>
    </ClCompile>
    <ClCompile Include="3rdParty\imgui\imgui.cpp">
      <Filter>3rdParty\imgui</Filter>
    </ClCompile>
    <ClCompile Include="3rdParty\imgui\imgui_demo.cpp">
      <Filter>3rdParty\imgui</Filter>
    </ClCompile>
    <ClCompile Include="3rdParty\imgui\imgui_draw.cpp">
      <Filter>3rdParty\imgui</Filter>
    </ClCompile>
    <ClCompile Include="3rdParty\imgui\imgui_tables.cpp">
      <Filter>3rdParty\imgui</Filter>
    </ClCompile>
    <ClCompile Include="3rdParty\imgui\imgui_widgets.cpp">
      <Filter>3rdParty\imgui</Filter>
    </ClCompile>
    <ClCompile Include="Source\Runtime\Function\Render\WindowSystem.cpp">
      <Filter>Source Files\Runtime\Function\Render</Filter>
    </ClCompile>
    <ClCompile Include="Source\Runtime\Engine.cpp">
      <Filter>Source Files\Runtime</Filter>
    </ClCompile>
    <ClCompile Include="Source\Runtime\Function\Global\GlobalContext.cpp">
      <Filter>Source Files\Runtime\Function\Global</Filter>
    </ClCompile>
    <ClCompile Include="Source\Runtime\Core\Log\LogSystem.cpp">
      <Filter>Source Files\Runtime\Core\Log</Filter>
    </ClCompile>
    <ClCompile Include="Source\Runtime\Function\Render\RenderSystem.cpp">
      <Filter>Source Files\Runtime\Function\Render</Filter>
    </ClCompile>
  </ItemGroup>
  <ItemGroup>
    <ClInclude Include="Source\Runtime\Core\Meta\Reflection\Reflection.h">
      <Filter>Source Files\Runtime\Core\Meta\Reflection</Filter>
    </ClInclude>
    <ClInclude Include="Source\Runtime\Engine.h">
      <Filter>Source Files\Runtime</Filter>
    </ClInclude>
    <ClInclude Include="Source\Editor\Editor.h">
      <Filter>Source Files\Editor</Filter>
    </ClInclude>
    <ClInclude Include="Source\Editor\EditorUI.h">
      <Filter>Source Files\Editor</Filter>
    </ClInclude>
    <ClInclude Include="Source\Runtime\Function\UI\WindowUI.h">
      <Filter>Source Files\Runtime\Function\UI</Filter>
    </ClInclude>
    <ClInclude Include="3rdParty\imgui\imstb_truetype.h">
      <Filter>3rdParty\imgui</Filter>
    </ClInclude>
    <ClInclude Include="3rdParty\imgui\imconfig.h">
      <Filter>3rdParty\imgui</Filter>
    </ClInclude>
    <ClInclude Include="3rdParty\imgui\imgui.h">
      <Filter>3rdParty\imgui</Filter>
    </ClInclude>
    <ClInclude Include="3rdParty\imgui\imgui_internal.h">
      <Filter>3rdParty\imgui</Filter>
    </ClInclude>
    <ClInclude Include="3rdParty\imgui\imstb_rectpack.h">
      <Filter>3rdParty\imgui</Filter>
    </ClInclude>
    <ClInclude Include="3rdParty\imgui\imstb_textedit.h">
      <Filter>3rdParty\imgui</Filter>
    </ClInclude>
    <ClInclude Include="Source\Runtime\Function\Render\WindowSystem.h">
      <Filter>Source Files\Runtime\Function\Render</Filter>
    </ClInclude>
    <ClInclude Include="3rdParty\glfw\glfw3.h">
      <Filter>3rdParty\glfw</Filter>
    </ClInclude>
    <ClInclude Include="3rdParty\glfw\glfw3native.h">
      <Filter>3rdParty\glfw</Filter>
    </ClInclude>
    <ClInclude Include="Source\Runtime\Function\Global\GlobalContext.h">
      <Filter>Source Files\Runtime\Function\Global</Filter>
    </ClInclude>
    <ClInclude Include="Source\Runtime\Core\Base\Macro.h">
      <Filter>Source Files\Runtime\Core\Base</Filter>
    </ClInclude>
    <ClInclude Include="Source\Runtime\Core\Log\LogSystem.h">
      <Filter>Source Files\Runtime\Core\Log</Filter>
    </ClInclude>
    <ClInclude Include="Source\Runtime\Function\Render\RenderSystem.h">
      <Filter>Source Files\Runtime\Function\Render</Filter>
    </ClInclude>
  </ItemGroup>
</Project>